{
  "name": "preact-cli-goober-ssr",
  "version": "1.0.0",
  "lockfileVersion": 1,
  "requires": true,
  "dependencies": {
    "goober": {
      "version": "2.0.19",
      "resolved": "https://registry.npmjs.org/goober/-/goober-2.0.19.tgz",
      "integrity": "sha512-ewW0g4H+CDIxneBEynuaiGiCIGhlKxo6APHMntnJBt/Qx5XMBLJXrgKdj6CDM/id0vSK9F2EtIPE++8bttCC9Q=="
    }
  }
}
